
Microsoft Visual Studio Solution File, Format Version 12.00
# Visual Studio Version 17
VisualStudioVersion = 17.11.35312.102
MinimumVisualStudioVersion = 10.0.40219.1
Project("{FAE04EC0-301F-11D3-BF4B-00C04F79EFBC}") = "VisionHub", "VisionHub\VisionHub.csproj", "{2AD84458-4968-4538-9924-9626033495C7}"
EndProject
Global
	GlobalSection(SolutionConfigurationPlatforms) = preSolution
		Debug|Any CPU = Debug|Any CPU
		Release|Any CPU = Release|Any CPU
	EndGlobalSection
	GlobalSection(ProjectConfigurationPlatforms) = postSolution
		{2AD84458-4968-4538-9924-9626033495C7}.Debug|Any CPU.ActiveCfg = Debug|Any CPU
		{2AD84458-4968-4538-9924-9626033495C7}.Debug|Any CPU.Build.0 = Debug|Any CPU
		{2AD84458-4968-4538-9924-9626033495C7}.Release|Any CPU.ActiveCfg = Release|Any CPU
		{2AD84458-4968-4538-9924-9626033495C7}.Release|Any CPU.Build.0 = Release|Any CPU
	EndGlobalSection
	GlobalSection(SolutionProperties) = preSolution
		HideSolutionNode = FALSE
	EndGlobalSection
	GlobalSection(ExtensibilityGlobals) = postSolution
		SolutionGuid = {EC151F23-B229-48ED-99C1-22B081111780}
	EndGlobalSection
EndGlobal
