
Microsoft Visual Studio Solution File, Format Version 12.00
# Visual Studio Version 17
VisualStudioVersion = 17.7.34024.191
MinimumVisualStudioVersion = 10.0.40219.1
Project("{FAE04EC0-301F-11D3-BF4B-00C04F79EFBC}") = "Snake", "Snake\Snake.csproj", "{B348708C-F3A1-4D91-B4B2-7745709F1FCD}"
EndProject
Global
	GlobalSection(SolutionConfigurationPlatforms) = preSolution
		Debug|Any CPU = Debug|Any CPU
		Release|Any CPU = Release|Any CPU
	EndGlobalSection
	GlobalSection(ProjectConfigurationPlatforms) = postSolution
		{B348708C-F3A1-4D91-B4B2-7745709F1FCD}.Debug|Any CPU.ActiveCfg = Debug|Any CPU
		{B348708C-F3A1-4D91-B4B2-7745709F1FCD}.Debug|Any CPU.Build.0 = Debug|Any CPU
		{B348708C-F3A1-4D91-B4B2-7745709F1FCD}.Release|Any CPU.ActiveCfg = Release|Any CPU
		{B348708C-F3A1-4D91-B4B2-7745709F1FCD}.Release|Any CPU.Build.0 = Release|Any CPU
	EndGlobalSection
	GlobalSection(SolutionProperties) = preSolution
		HideSolutionNode = FALSE
	EndGlobalSection
	GlobalSection(ExtensibilityGlobals) = postSolution
		SolutionGuid = {8A006E00-34EC-4A29-96A9-D511236CB7DD}
	EndGlobalSection
EndGlobal
