
Microsoft Visual Studio Solution File, Format Version 12.00
# Visual Studio Version 17
VisualStudioVersion = 17.11.35222.181
MinimumVisualStudioVersion = 10.0.40219.1
Project("{FAE04EC0-301F-11D3-BF4B-00C04F79EFBC}") = "RollRadar", "RollRadar\RollRadar.csproj", "{443E5A66-6EB3-4A54-B8FA-9068D6EB36E4}"
EndProject
Global
	GlobalSection(SolutionConfigurationPlatforms) = preSolution
		Debug|Any CPU = Debug|Any CPU
		Release|Any CPU = Release|Any CPU
	EndGlobalSection
	GlobalSection(ProjectConfigurationPlatforms) = postSolution
		{443E5A66-6EB3-4A54-B8FA-9068D6EB36E4}.Debug|Any CPU.ActiveCfg = Debug|Any CPU
		{443E5A66-6EB3-4A54-B8FA-9068D6EB36E4}.Debug|Any CPU.Build.0 = Debug|Any CPU
		{443E5A66-6EB3-4A54-B8FA-9068D6EB36E4}.Release|Any CPU.ActiveCfg = Release|Any CPU
		{443E5A66-6EB3-4A54-B8FA-9068D6EB36E4}.Release|Any CPU.Build.0 = Release|Any CPU
	EndGlobalSection
	GlobalSection(SolutionProperties) = preSolution
		HideSolutionNode = FALSE
	EndGlobalSection
	GlobalSection(ExtensibilityGlobals) = postSolution
		SolutionGuid = {D27A18CC-7EE9-48AC-BB04-D56CEA68ECF0}
	EndGlobalSection
EndGlobal
