
Microsoft Visual Studio Solution File, Format Version 12.00
# Visual Studio Version 17
VisualStudioVersion = 17.9.34902.65
MinimumVisualStudioVersion = 10.0.40219.1
Project("{FAE04EC0-301F-11D3-BF4B-00C04F79EFBC}") = "Studentadmin", "Studentadmin\Studentadmin.csproj", "{CE98C15D-8980-4088-9041-724A951084A1}"
EndProject
Global
	GlobalSection(SolutionConfigurationPlatforms) = preSolution
		Debug|Any CPU = Debug|Any CPU
		Release|Any CPU = Release|Any CPU
	EndGlobalSection
	GlobalSection(ProjectConfigurationPlatforms) = postSolution
		{CE98C15D-8980-4088-9041-724A951084A1}.Debug|Any CPU.ActiveCfg = Debug|Any CPU
		{CE98C15D-8980-4088-9041-724A951084A1}.Debug|Any CPU.Build.0 = Debug|Any CPU
		{CE98C15D-8980-4088-9041-724A951084A1}.Release|Any CPU.ActiveCfg = Release|Any CPU
		{CE98C15D-8980-4088-9041-724A951084A1}.Release|Any CPU.Build.0 = Release|Any CPU
	EndGlobalSection
	GlobalSection(SolutionProperties) = preSolution
		HideSolutionNode = FALSE
	EndGlobalSection
	GlobalSection(ExtensibilityGlobals) = postSolution
		SolutionGuid = {06BD8786-7F55-4AF9-950B-5B2A77DB96EE}
	EndGlobalSection
EndGlobal
