
Microsoft Visual Studio Solution File, Format Version 12.00
# Visual Studio Version 17
VisualStudioVersion = 17.9.34902.65
MinimumVisualStudioVersion = 10.0.40219.1
Project("{FAE04EC0-301F-11D3-BF4B-00C04F79EFBC}") = "klasserOgProperties", "klasserOgProperties\klasserOgProperties.csproj", "{20357AF1-C69F-4B37-9041-549889798E18}"
EndProject
Global
	GlobalSection(SolutionConfigurationPlatforms) = preSolution
		Debug|Any CPU = Debug|Any CPU
		Release|Any CPU = Release|Any CPU
	EndGlobalSection
	GlobalSection(ProjectConfigurationPlatforms) = postSolution
		{20357AF1-C69F-4B37-9041-549889798E18}.Debug|Any CPU.ActiveCfg = Debug|Any CPU
		{20357AF1-C69F-4B37-9041-549889798E18}.Debug|Any CPU.Build.0 = Debug|Any CPU
		{20357AF1-C69F-4B37-9041-549889798E18}.Release|Any CPU.ActiveCfg = Release|Any CPU
		{20357AF1-C69F-4B37-9041-549889798E18}.Release|Any CPU.Build.0 = Release|Any CPU
	EndGlobalSection
	GlobalSection(SolutionProperties) = preSolution
		HideSolutionNode = FALSE
	EndGlobalSection
	GlobalSection(ExtensibilityGlobals) = postSolution
		SolutionGuid = {D69C7E57-8BAD-4F1D-9A98-6FB5DE3E897D}
	EndGlobalSection
EndGlobal
