
Microsoft Visual Studio Solution File, Format Version 12.00
# Visual Studio Version 17
VisualStudioVersion = 17.11.35312.102
MinimumVisualStudioVersion = 10.0.40219.1
Project("{FAE04EC0-301F-11D3-BF4B-00C04F79EFBC}") = "Serenify", "Serenify\Serenify.csproj", "{F6E84F65-9F7F-4DAB-869D-318A3F40BE5E}"
EndProject
Project("{FAE04EC0-301F-11D3-BF4B-00C04F79EFBC}") = "BackendAPI", "BackendAPI\BackendAPI.csproj", "{DF7BA262-E7C8-4510-B170-7AF5EA8487F2}"
EndProject
Project("{FAE04EC0-301F-11D3-BF4B-00C04F79EFBC}") = "SharedModels", "ClassLibrary\SharedModels.csproj", "{F4CC15B0-EC0A-43E2-870F-0A98F4F85C8E}"
EndProject
Global
	GlobalSection(SolutionConfigurationPlatforms) = preSolution
		Debug|Any CPU = Debug|Any CPU
		Release|Any CPU = Release|Any CPU
	EndGlobalSection
	GlobalSection(ProjectConfigurationPlatforms) = postSolution
		{F6E84F65-9F7F-4DAB-869D-318A3F40BE5E}.Debug|Any CPU.ActiveCfg = Debug|Any CPU
		{F6E84F65-9F7F-4DAB-869D-318A3F40BE5E}.Debug|Any CPU.Build.0 = Debug|Any CPU
		{F6E84F65-9F7F-4DAB-869D-318A3F40BE5E}.Debug|Any CPU.Deploy.0 = Debug|Any CPU
		{F6E84F65-9F7F-4DAB-869D-318A3F40BE5E}.Release|Any CPU.ActiveCfg = Release|Any CPU
		{F6E84F65-9F7F-4DAB-869D-318A3F40BE5E}.Release|Any CPU.Build.0 = Release|Any CPU
		{F6E84F65-9F7F-4DAB-869D-318A3F40BE5E}.Release|Any CPU.Deploy.0 = Release|Any CPU
		{DF7BA262-E7C8-4510-B170-7AF5EA8487F2}.Debug|Any CPU.ActiveCfg = Debug|Any CPU
		{DF7BA262-E7C8-4510-B170-7AF5EA8487F2}.Debug|Any CPU.Build.0 = Debug|Any CPU
		{DF7BA262-E7C8-4510-B170-7AF5EA8487F2}.Release|Any CPU.ActiveCfg = Release|Any CPU
		{DF7BA262-E7C8-4510-B170-7AF5EA8487F2}.Release|Any CPU.Build.0 = Release|Any CPU
		{F4CC15B0-EC0A-43E2-870F-0A98F4F85C8E}.Debug|Any CPU.ActiveCfg = Debug|Any CPU
		{F4CC15B0-EC0A-43E2-870F-0A98F4F85C8E}.Debug|Any CPU.Build.0 = Debug|Any CPU
		{F4CC15B0-EC0A-43E2-870F-0A98F4F85C8E}.Release|Any CPU.ActiveCfg = Release|Any CPU
		{F4CC15B0-EC0A-43E2-870F-0A98F4F85C8E}.Release|Any CPU.Build.0 = Release|Any CPU
	EndGlobalSection
	GlobalSection(SolutionProperties) = preSolution
		HideSolutionNode = FALSE
	EndGlobalSection
	GlobalSection(ExtensibilityGlobals) = postSolution
		SolutionGuid = {8EA7FA28-29DB-45D6-853F-688F6F39E1C2}
	EndGlobalSection
EndGlobal
