
Microsoft Visual Studio Solution File, Format Version 12.00
# Visual Studio Version 17
VisualStudioVersion = 17.11.35219.272
MinimumVisualStudioVersion = 10.0.40219.1
Project("{FAE04EC0-301F-11D3-BF4B-00C04F79EFBC}") = "Serenify", "Serenify\Serenify.csproj", "{0185254D-F1A3-45FA-8B64-DEDD10B27F12}"
EndProject
Global
	GlobalSection(SolutionConfigurationPlatforms) = preSolution
		Debug|Any CPU = Debug|Any CPU
		Release|Any CPU = Release|Any CPU
	EndGlobalSection
	GlobalSection(ProjectConfigurationPlatforms) = postSolution
		{0185254D-F1A3-45FA-8B64-DEDD10B27F12}.Debug|Any CPU.ActiveCfg = Debug|Any CPU
		{0185254D-F1A3-45FA-8B64-DEDD10B27F12}.Debug|Any CPU.Build.0 = Debug|Any CPU
		{0185254D-F1A3-45FA-8B64-DEDD10B27F12}.Release|Any CPU.ActiveCfg = Release|Any CPU
		{0185254D-F1A3-45FA-8B64-DEDD10B27F12}.Release|Any CPU.Build.0 = Release|Any CPU
	EndGlobalSection
	GlobalSection(SolutionProperties) = preSolution
		HideSolutionNode = FALSE
	EndGlobalSection
	GlobalSection(ExtensibilityGlobals) = postSolution
		SolutionGuid = {73310A10-38B4-4C08-A384-9375E473AADE}
	EndGlobalSection
EndGlobal
